
Microsoft Visual Studio Solution File, Format Version 12.00
# Visual Studio Version 17
VisualStudioVersion = 17.11.35327.3
MinimumVisualStudioVersion = 10.0.40219.1
Project("{FAE04EC0-301F-11D3-BF4B-00C04F79EFBC}") = "AdamOpgave2-06112024", "AdamOpgave2-06112024.csproj", "{21F4CE80-AD9D-44E3-9F40-FE931AD981CF}"
EndProject
Global
	GlobalSection(SolutionConfigurationPlatforms) = preSolution
		Debug|Any CPU = Debug|Any CPU
		Release|Any CPU = Release|Any CPU
	EndGlobalSection
	GlobalSection(ProjectConfigurationPlatforms) = postSolution
		{21F4CE80-AD9D-44E3-9F40-FE931AD981CF}.Debug|Any CPU.ActiveCfg = Debug|Any CPU
		{21F4CE80-AD9D-44E3-9F40-FE931AD981CF}.Debug|Any CPU.Build.0 = Debug|Any CPU
		{21F4CE80-AD9D-44E3-9F40-FE931AD981CF}.Release|Any CPU.ActiveCfg = Release|Any CPU
		{21F4CE80-AD9D-44E3-9F40-FE931AD981CF}.Release|Any CPU.Build.0 = Release|Any CPU
	EndGlobalSection
	GlobalSection(SolutionProperties) = preSolution
		HideSolutionNode = FALSE
	EndGlobalSection
	GlobalSection(ExtensibilityGlobals) = postSolution
		SolutionGuid = {181AFDAC-FE4E-4913-A9B6-D68210517F8D}
	EndGlobalSection
EndGlobal
