
Microsoft Visual Studio Solution File, Format Version 12.00
# Visual Studio Version 17
VisualStudioVersion = 17.11.35327.3
MinimumVisualStudioVersion = 10.0.40219.1
Project("{FAE04EC0-301F-11D3-BF4B-00C04F79EFBC}") = "AdamQuestionAPP", "AdamQuestionAPP.csproj", "{1863369D-000F-4A73-9105-D2FF487AB589}"
EndProject
Global
	GlobalSection(SolutionConfigurationPlatforms) = preSolution
		Debug|Any CPU = Debug|Any CPU
		Release|Any CPU = Release|Any CPU
	EndGlobalSection
	GlobalSection(ProjectConfigurationPlatforms) = postSolution
		{1863369D-000F-4A73-9105-D2FF487AB589}.Debug|Any CPU.ActiveCfg = Debug|Any CPU
		{1863369D-000F-4A73-9105-D2FF487AB589}.Debug|Any CPU.Build.0 = Debug|Any CPU
		{1863369D-000F-4A73-9105-D2FF487AB589}.Release|Any CPU.ActiveCfg = Release|Any CPU
		{1863369D-000F-4A73-9105-D2FF487AB589}.Release|Any CPU.Build.0 = Release|Any CPU
	EndGlobalSection
	GlobalSection(SolutionProperties) = preSolution
		HideSolutionNode = FALSE
	EndGlobalSection
	GlobalSection(ExtensibilityGlobals) = postSolution
		SolutionGuid = {5AAE5C17-C991-4773-AC9C-260248E55C39}
	EndGlobalSection
EndGlobal
